
Microsoft Visual Studio Solution File, Format Version 12.00
# Visual Studio Version 16
VisualStudioVersion = 16.0.31624.102
MinimumVisualStudioVersion = 10.0.40219.1
Project("{2150E333-8FDC-42A3-9474-1A3956D46DE8}") = "Domain", "Domain", "{316DE9C5-043B-4547-986E-8D5D8965C7A2}"
EndProject
Project("{2150E333-8FDC-42A3-9474-1A3956D46DE8}") = "Microservices", "Microservices", "{7C698CE4-FAF6-4EB4-AB86-9460E0280DAE}"
EndProject
Project("{2150E333-8FDC-42A3-9474-1A3956D46DE8}") = "Infra.IoC", "Infra.IoC", "{D2C9D673-79BC-4186-A395-62A2230A2E05}"
EndProject
Project("{2150E333-8FDC-42A3-9474-1A3956D46DE8}") = "Infra.Bus", "Infra.Bus", "{57A270DC-8A83-4830-9A32-72E58A327F72}"
EndProject
Project("{2150E333-8FDC-42A3-9474-1A3956D46DE8}") = "Presentation", "Presentation", "{8B9E47F6-5576-4773-B7A8-F423C5F18584}"
EndProject
Project("{9A19103F-16F7-4668-BE54-9A1E7A4F7556}") = "MicroRabbit.Domain.Core", "MicroRabbit.Domain.Core\MicroRabbit.Domain.Core.csproj", "{790E94C9-FE87-4C0C-9E09-99E5206FADB9}"
EndProject
Project("{9A19103F-16F7-4668-BE54-9A1E7A4F7556}") = "MicroRabbit.Infra.Bus", "MicroRabbit.Infra.Bus\MicroRabbit.Infra.Bus.csproj", "{67E3A67C-0726-4EA0-A12F-FA182C3B83F8}"
EndProject
Project("{9A19103F-16F7-4668-BE54-9A1E7A4F7556}") = "MicroRabbit.Infra.IoC", "MicroRabbit.Infra.IoC\MicroRabbit.Infra.IoC.csproj", "{6E36C1D9-B003-4E59-A598-683FBD4C7F2A}"
EndProject
Project("{2150E333-8FDC-42A3-9474-1A3956D46DE8}") = "Banking", "Banking", "{92D6571E-44BD-4C4A-8E21-0845559E53CA}"
EndProject
Project("{2150E333-8FDC-42A3-9474-1A3956D46DE8}") = "Api", "Api", "{FA947AC2-68E5-42A1-AFD3-EF5834FE9AD8}"
EndProject
Project("{2150E333-8FDC-42A3-9474-1A3956D46DE8}") = "Domain", "Domain", "{3E45E0AA-1F63-45B5-B5E7-5929DAAFAC59}"
EndProject
Project("{2150E333-8FDC-42A3-9474-1A3956D46DE8}") = "Data", "Data", "{37A1F146-B7BA-4CB5-BE80-16F3BD5CD81C}"
EndProject
Project("{2150E333-8FDC-42A3-9474-1A3956D46DE8}") = "Application", "Application", "{C49AACA9-C353-42C5-8989-0DA838C6DDE1}"
EndProject
Project("{FAE04EC0-301F-11D3-BF4B-00C04F79EFBC}") = "MicroRabbit.Banking.Api", "MicroRabbit.Banking.Api\MicroRabbit.Banking.Api.csproj", "{40557776-3C6B-48AC-9B36-F3037F8195CC}"
EndProject
Project("{FAE04EC0-301F-11D3-BF4B-00C04F79EFBC}") = "MicroRabbit.Banking.Application", "MicroRabbit.Banking.Application\MicroRabbit.Banking.Application.csproj", "{5F9C3E35-8035-4388-B47A-3B9B0A8B90CF}"
EndProject
Project("{FAE04EC0-301F-11D3-BF4B-00C04F79EFBC}") = "MicroRabbit.Banking.Data", "MicroRabbit.Banking.Data\MicroRabbit.Banking.Data.csproj", "{F8A18427-1695-48BA-9A62-A3CC1887E458}"
EndProject
Project("{FAE04EC0-301F-11D3-BF4B-00C04F79EFBC}") = "MicroRabbit.Banking.Domain", "MicroRabbit.Banking.Domain\MicroRabbit.Banking.Domain.csproj", "{1873101A-F158-4199-9EC6-D10D7A4A2D6A}"
EndProject
Global
	GlobalSection(SolutionConfigurationPlatforms) = preSolution
		Debug|Any CPU = Debug|Any CPU
		Release|Any CPU = Release|Any CPU
	EndGlobalSection
	GlobalSection(ProjectConfigurationPlatforms) = postSolution
		{790E94C9-FE87-4C0C-9E09-99E5206FADB9}.Debug|Any CPU.ActiveCfg = Debug|Any CPU
		{790E94C9-FE87-4C0C-9E09-99E5206FADB9}.Debug|Any CPU.Build.0 = Debug|Any CPU
		{790E94C9-FE87-4C0C-9E09-99E5206FADB9}.Release|Any CPU.ActiveCfg = Release|Any CPU
		{790E94C9-FE87-4C0C-9E09-99E5206FADB9}.Release|Any CPU.Build.0 = Release|Any CPU
		{67E3A67C-0726-4EA0-A12F-FA182C3B83F8}.Debug|Any CPU.ActiveCfg = Debug|Any CPU
		{67E3A67C-0726-4EA0-A12F-FA182C3B83F8}.Debug|Any CPU.Build.0 = Debug|Any CPU
		{67E3A67C-0726-4EA0-A12F-FA182C3B83F8}.Release|Any CPU.ActiveCfg = Release|Any CPU
		{67E3A67C-0726-4EA0-A12F-FA182C3B83F8}.Release|Any CPU.Build.0 = Release|Any CPU
		{6E36C1D9-B003-4E59-A598-683FBD4C7F2A}.Debug|Any CPU.ActiveCfg = Debug|Any CPU
		{6E36C1D9-B003-4E59-A598-683FBD4C7F2A}.Debug|Any CPU.Build.0 = Debug|Any CPU
		{6E36C1D9-B003-4E59-A598-683FBD4C7F2A}.Release|Any CPU.ActiveCfg = Release|Any CPU
		{6E36C1D9-B003-4E59-A598-683FBD4C7F2A}.Release|Any CPU.Build.0 = Release|Any CPU
		{40557776-3C6B-48AC-9B36-F3037F8195CC}.Debug|Any CPU.ActiveCfg = Debug|Any CPU
		{40557776-3C6B-48AC-9B36-F3037F8195CC}.Debug|Any CPU.Build.0 = Debug|Any CPU
		{40557776-3C6B-48AC-9B36-F3037F8195CC}.Release|Any CPU.ActiveCfg = Release|Any CPU
		{40557776-3C6B-48AC-9B36-F3037F8195CC}.Release|Any CPU.Build.0 = Release|Any CPU
		{5F9C3E35-8035-4388-B47A-3B9B0A8B90CF}.Debug|Any CPU.ActiveCfg = Debug|Any CPU
		{5F9C3E35-8035-4388-B47A-3B9B0A8B90CF}.Debug|Any CPU.Build.0 = Debug|Any CPU
		{5F9C3E35-8035-4388-B47A-3B9B0A8B90CF}.Release|Any CPU.ActiveCfg = Release|Any CPU
		{5F9C3E35-8035-4388-B47A-3B9B0A8B90CF}.Release|Any CPU.Build.0 = Release|Any CPU
		{F8A18427-1695-48BA-9A62-A3CC1887E458}.Debug|Any CPU.ActiveCfg = Debug|Any CPU
		{F8A18427-1695-48BA-9A62-A3CC1887E458}.Debug|Any CPU.Build.0 = Debug|Any CPU
		{F8A18427-1695-48BA-9A62-A3CC1887E458}.Release|Any CPU.ActiveCfg = Release|Any CPU
		{F8A18427-1695-48BA-9A62-A3CC1887E458}.Release|Any CPU.Build.0 = Release|Any CPU
		{1873101A-F158-4199-9EC6-D10D7A4A2D6A}.Debug|Any CPU.ActiveCfg = Debug|Any CPU
		{1873101A-F158-4199-9EC6-D10D7A4A2D6A}.Debug|Any CPU.Build.0 = Debug|Any CPU
		{1873101A-F158-4199-9EC6-D10D7A4A2D6A}.Release|Any CPU.ActiveCfg = Release|Any CPU
		{1873101A-F158-4199-9EC6-D10D7A4A2D6A}.Release|Any CPU.Build.0 = Release|Any CPU
	EndGlobalSection
	GlobalSection(SolutionProperties) = preSolution
		HideSolutionNode = FALSE
	EndGlobalSection
	GlobalSection(NestedProjects) = preSolution
		{790E94C9-FE87-4C0C-9E09-99E5206FADB9} = {316DE9C5-043B-4547-986E-8D5D8965C7A2}
		{67E3A67C-0726-4EA0-A12F-FA182C3B83F8} = {57A270DC-8A83-4830-9A32-72E58A327F72}
		{6E36C1D9-B003-4E59-A598-683FBD4C7F2A} = {D2C9D673-79BC-4186-A395-62A2230A2E05}
		{92D6571E-44BD-4C4A-8E21-0845559E53CA} = {7C698CE4-FAF6-4EB4-AB86-9460E0280DAE}
		{FA947AC2-68E5-42A1-AFD3-EF5834FE9AD8} = {92D6571E-44BD-4C4A-8E21-0845559E53CA}
		{3E45E0AA-1F63-45B5-B5E7-5929DAAFAC59} = {92D6571E-44BD-4C4A-8E21-0845559E53CA}
		{37A1F146-B7BA-4CB5-BE80-16F3BD5CD81C} = {92D6571E-44BD-4C4A-8E21-0845559E53CA}
		{C49AACA9-C353-42C5-8989-0DA838C6DDE1} = {92D6571E-44BD-4C4A-8E21-0845559E53CA}
		{40557776-3C6B-48AC-9B36-F3037F8195CC} = {FA947AC2-68E5-42A1-AFD3-EF5834FE9AD8}
		{5F9C3E35-8035-4388-B47A-3B9B0A8B90CF} = {C49AACA9-C353-42C5-8989-0DA838C6DDE1}
		{F8A18427-1695-48BA-9A62-A3CC1887E458} = {37A1F146-B7BA-4CB5-BE80-16F3BD5CD81C}
		{1873101A-F158-4199-9EC6-D10D7A4A2D6A} = {3E45E0AA-1F63-45B5-B5E7-5929DAAFAC59}
	EndGlobalSection
	GlobalSection(ExtensibilityGlobals) = postSolution
		SolutionGuid = {B99ACC4B-606C-4441-A298-C5C10D046C29}
	EndGlobalSection
EndGlobal
