
Microsoft Visual Studio Solution File, Format Version 12.00
# Visual Studio Version 16
VisualStudioVersion = 16.0.31624.102
MinimumVisualStudioVersion = 10.0.40219.1
Project("{2150E333-8FDC-42A3-9474-1A3956D46DE8}") = "Domain", "Domain", "{316DE9C5-043B-4547-986E-8D5D8965C7A2}"
EndProject
Project("{2150E333-8FDC-42A3-9474-1A3956D46DE8}") = "Microservices", "Microservices", "{7C698CE4-FAF6-4EB4-AB86-9460E0280DAE}"
EndProject
Project("{2150E333-8FDC-42A3-9474-1A3956D46DE8}") = "Infra.IoC", "Infra.IoC", "{D2C9D673-79BC-4186-A395-62A2230A2E05}"
EndProject
Project("{2150E333-8FDC-42A3-9474-1A3956D46DE8}") = "Infra.Bus", "Infra.Bus", "{57A270DC-8A83-4830-9A32-72E58A327F72}"
EndProject
Project("{2150E333-8FDC-42A3-9474-1A3956D46DE8}") = "Presentation", "Presentation", "{8B9E47F6-5576-4773-B7A8-F423C5F18584}"
EndProject
Project("{9A19103F-16F7-4668-BE54-9A1E7A4F7556}") = "MicroRabbit.Domain.Core", "MicroRabbit.Domain.Core\MicroRabbit.Domain.Core.csproj", "{790E94C9-FE87-4C0C-9E09-99E5206FADB9}"
EndProject
Project("{FAE04EC0-301F-11D3-BF4B-00C04F79EFBC}") = "MicroRabbit.Infra.Bus", "MicroRabbit.Infra.Bus\MicroRabbit.Infra.Bus.csproj", "{67E3A67C-0726-4EA0-A12F-FA182C3B83F8}"
EndProject
Global
	GlobalSection(SolutionConfigurationPlatforms) = preSolution
		Debug|Any CPU = Debug|Any CPU
		Release|Any CPU = Release|Any CPU
	EndGlobalSection
	GlobalSection(ProjectConfigurationPlatforms) = postSolution
		{790E94C9-FE87-4C0C-9E09-99E5206FADB9}.Debug|Any CPU.ActiveCfg = Debug|Any CPU
		{790E94C9-FE87-4C0C-9E09-99E5206FADB9}.Debug|Any CPU.Build.0 = Debug|Any CPU
		{790E94C9-FE87-4C0C-9E09-99E5206FADB9}.Release|Any CPU.ActiveCfg = Release|Any CPU
		{790E94C9-FE87-4C0C-9E09-99E5206FADB9}.Release|Any CPU.Build.0 = Release|Any CPU
		{67E3A67C-0726-4EA0-A12F-FA182C3B83F8}.Debug|Any CPU.ActiveCfg = Debug|Any CPU
		{67E3A67C-0726-4EA0-A12F-FA182C3B83F8}.Debug|Any CPU.Build.0 = Debug|Any CPU
		{67E3A67C-0726-4EA0-A12F-FA182C3B83F8}.Release|Any CPU.ActiveCfg = Release|Any CPU
		{67E3A67C-0726-4EA0-A12F-FA182C3B83F8}.Release|Any CPU.Build.0 = Release|Any CPU
	EndGlobalSection
	GlobalSection(SolutionProperties) = preSolution
		HideSolutionNode = FALSE
	EndGlobalSection
	GlobalSection(NestedProjects) = preSolution
		{790E94C9-FE87-4C0C-9E09-99E5206FADB9} = {316DE9C5-043B-4547-986E-8D5D8965C7A2}
		{67E3A67C-0726-4EA0-A12F-FA182C3B83F8} = {57A270DC-8A83-4830-9A32-72E58A327F72}
	EndGlobalSection
	GlobalSection(ExtensibilityGlobals) = postSolution
		SolutionGuid = {B99ACC4B-606C-4441-A298-C5C10D046C29}
	EndGlobalSection
EndGlobal
